
Microsoft Visual Studio Solution File, Format Version 12.00
# Visual Studio Version 17
VisualStudioVersion = 17.5.002.0
MinimumVisualStudioVersion = 10.0.40219.1
Project("{9A19103F-16F7-4668-BE54-9A1E7A4F7556}") = "StockAPI", "StockAPI.csproj", "{AD7DAFB3-1EAD-4C37-8325-9C6D8377DD60}"
EndProject
Global
	GlobalSection(SolutionConfigurationPlatforms) = preSolution
		Debug|Any CPU = Debug|Any CPU
		Release|Any CPU = Release|Any CPU
	EndGlobalSection
	GlobalSection(ProjectConfigurationPlatforms) = postSolution
		{AD7DAFB3-1EAD-4C37-8325-9C6D8377DD60}.Debug|Any CPU.ActiveCfg = Debug|Any CPU
		{AD7DAFB3-1EAD-4C37-8325-9C6D8377DD60}.Debug|Any CPU.Build.0 = Debug|Any CPU
		{AD7DAFB3-1EAD-4C37-8325-9C6D8377DD60}.Release|Any CPU.ActiveCfg = Release|Any CPU
		{AD7DAFB3-1EAD-4C37-8325-9C6D8377DD60}.Release|Any CPU.Build.0 = Release|Any CPU
	EndGlobalSection
	GlobalSection(SolutionProperties) = preSolution
		HideSolutionNode = FALSE
	EndGlobalSection
	GlobalSection(ExtensibilityGlobals) = postSolution
		SolutionGuid = {11EFAC75-0C46-44FC-925A-5170159D0D0F}
	EndGlobalSection
EndGlobal
